
Microsoft Visual Studio Solution File, Format Version 12.00
# Visual Studio Version 17
VisualStudioVersion = 17.11.35312.102
MinimumVisualStudioVersion = 10.0.40219.1
Project("{9A19103F-16F7-4668-BE54-9A1E7A4F7556}") = "MooDeng.Api", "MooDeng.Api\MooDeng.Api.csproj", "{E1F77C5B-E89C-4CE8-99D3-24AC67577581}"
EndProject
Project("{2150E333-8FDC-42A3-9474-1A3956D46DE8}") = "Solution Items", "Solution Items", "{F5F38908-1F62-4FED-999A-F7C449B70CDC}"
	ProjectSection(SolutionItems) = preProject
		compose.yaml = compose.yaml
		Dockerfile = Dockerfile
	EndProjectSection
EndProject
Project("{9A19103F-16F7-4668-BE54-9A1E7A4F7556}") = "MooDeng.Api.Tests", "MooDeng.Api.Tests\MooDeng.Api.Tests.csproj", "{DF6D058E-3B24-4A8C-837E-120ECDB65340}"
EndProject
Project("{FAE04EC0-301F-11D3-BF4B-00C04F79EFBC}") = "MooDeng.Parties.Models", "MooDeng.Parties.Models\MooDeng.Parties.Models.csproj", "{2CF44366-A79B-406E-A326-538206778F9B}"
EndProject
Project("{2150E333-8FDC-42A3-9474-1A3956D46DE8}") = "parties", "parties", "{6D078C06-BF3C-4D77-B17C-3BE46ACA42E8}"
EndProject
Project("{FAE04EC0-301F-11D3-BF4B-00C04F79EFBC}") = "MooDeng.Parties.IServices", "MooDeng.Parties.IServices\MooDeng.Parties.IServices.csproj", "{AD21B359-641E-4AE8-8D1C-B18FA0185D3B}"
EndProject
Global
	GlobalSection(SolutionConfigurationPlatforms) = preSolution
		Debug|Any CPU = Debug|Any CPU
		Release|Any CPU = Release|Any CPU
	EndGlobalSection
	GlobalSection(ProjectConfigurationPlatforms) = postSolution
		{E1F77C5B-E89C-4CE8-99D3-24AC67577581}.Debug|Any CPU.ActiveCfg = Debug|Any CPU
		{E1F77C5B-E89C-4CE8-99D3-24AC67577581}.Debug|Any CPU.Build.0 = Debug|Any CPU
		{E1F77C5B-E89C-4CE8-99D3-24AC67577581}.Release|Any CPU.ActiveCfg = Release|Any CPU
		{E1F77C5B-E89C-4CE8-99D3-24AC67577581}.Release|Any CPU.Build.0 = Release|Any CPU
		{DF6D058E-3B24-4A8C-837E-120ECDB65340}.Debug|Any CPU.ActiveCfg = Debug|Any CPU
		{DF6D058E-3B24-4A8C-837E-120ECDB65340}.Debug|Any CPU.Build.0 = Debug|Any CPU
		{DF6D058E-3B24-4A8C-837E-120ECDB65340}.Release|Any CPU.ActiveCfg = Release|Any CPU
		{DF6D058E-3B24-4A8C-837E-120ECDB65340}.Release|Any CPU.Build.0 = Release|Any CPU
		{2CF44366-A79B-406E-A326-538206778F9B}.Debug|Any CPU.ActiveCfg = Debug|Any CPU
		{2CF44366-A79B-406E-A326-538206778F9B}.Debug|Any CPU.Build.0 = Debug|Any CPU
		{2CF44366-A79B-406E-A326-538206778F9B}.Release|Any CPU.ActiveCfg = Release|Any CPU
		{2CF44366-A79B-406E-A326-538206778F9B}.Release|Any CPU.Build.0 = Release|Any CPU
		{AD21B359-641E-4AE8-8D1C-B18FA0185D3B}.Debug|Any CPU.ActiveCfg = Debug|Any CPU
		{AD21B359-641E-4AE8-8D1C-B18FA0185D3B}.Debug|Any CPU.Build.0 = Debug|Any CPU
		{AD21B359-641E-4AE8-8D1C-B18FA0185D3B}.Release|Any CPU.ActiveCfg = Release|Any CPU
		{AD21B359-641E-4AE8-8D1C-B18FA0185D3B}.Release|Any CPU.Build.0 = Release|Any CPU
	EndGlobalSection
	GlobalSection(SolutionProperties) = preSolution
		HideSolutionNode = FALSE
	EndGlobalSection
	GlobalSection(NestedProjects) = preSolution
		{2CF44366-A79B-406E-A326-538206778F9B} = {6D078C06-BF3C-4D77-B17C-3BE46ACA42E8}
		{AD21B359-641E-4AE8-8D1C-B18FA0185D3B} = {6D078C06-BF3C-4D77-B17C-3BE46ACA42E8}
	EndGlobalSection
	GlobalSection(ExtensibilityGlobals) = postSolution
		SolutionGuid = {28217CD8-1A10-4CBB-BD46-D8F95E3344E1}
	EndGlobalSection
EndGlobal
